
Microsoft Visual Studio Solution File, Format Version 12.00
# Visual Studio 15
VisualStudioVersion = 15.0.28010.2050
MinimumVisualStudioVersion = 10.0.40219.1
Project("{FAE04EC0-301F-11D3-BF4B-00C04F79EFBC}") = "CarsApi", "CarsApi\CarsApi.csproj", "{459E8D6D-20A9-437A-87DB-E879D2BBBBB0}"
EndProject
Global
	GlobalSection(SolutionConfigurationPlatforms) = preSolution
		Debug|Any CPU = Debug|Any CPU
		Release|Any CPU = Release|Any CPU
	EndGlobalSection
	GlobalSection(ProjectConfigurationPlatforms) = postSolution
		{459E8D6D-20A9-437A-87DB-E879D2BBBBB0}.Debug|Any CPU.ActiveCfg = Debug|Any CPU
		{459E8D6D-20A9-437A-87DB-E879D2BBBBB0}.Debug|Any CPU.Build.0 = Debug|Any CPU
		{459E8D6D-20A9-437A-87DB-E879D2BBBBB0}.Release|Any CPU.ActiveCfg = Release|Any CPU
		{459E8D6D-20A9-437A-87DB-E879D2BBBBB0}.Release|Any CPU.Build.0 = Release|Any CPU
	EndGlobalSection
	GlobalSection(SolutionProperties) = preSolution
		HideSolutionNode = FALSE
	EndGlobalSection
	GlobalSection(ExtensibilityGlobals) = postSolution
		SolutionGuid = {417F8342-5824-49AB-8956-2F0AD937A7BF}
	EndGlobalSection
EndGlobal
